
Microsoft Visual Studio Solution File, Format Version 12.00
# Visual Studio Version 17
VisualStudioVersion = 17.1.32319.34
MinimumVisualStudioVersion = 10.0.40219.1
Project("{FAE04EC0-301F-11D3-BF4B-00C04F79EFBC}") = "LocalClone", "LocalClone.csproj", "{89DB162D-7B3D-4371-8E1C-CB71DF4E1D4D}"
EndProject
Global
	GlobalSection(SolutionConfigurationPlatforms) = preSolution
		Debug|Any CPU = Debug|Any CPU
		Release|Any CPU = Release|Any CPU
	EndGlobalSection
	GlobalSection(ProjectConfigurationPlatforms) = postSolution
		{89DB162D-7B3D-4371-8E1C-CB71DF4E1D4D}.Debug|Any CPU.ActiveCfg = Debug|Any CPU
		{89DB162D-7B3D-4371-8E1C-CB71DF4E1D4D}.Debug|Any CPU.Build.0 = Debug|Any CPU
		{89DB162D-7B3D-4371-8E1C-CB71DF4E1D4D}.Release|Any CPU.ActiveCfg = Release|Any CPU
		{89DB162D-7B3D-4371-8E1C-CB71DF4E1D4D}.Release|Any CPU.Build.0 = Release|Any CPU
	EndGlobalSection
	GlobalSection(SolutionProperties) = preSolution
		HideSolutionNode = FALSE
	EndGlobalSection
	GlobalSection(ExtensibilityGlobals) = postSolution
		SolutionGuid = {11444326-6E9F-421A-B1A2-07CB9A67FD3B}
	EndGlobalSection
EndGlobal
